# THIS IS AN AUTOGENERATED FILE. DO NOT EDIT THIS FILE DIRECTLY.
# yarn lockfile v1


kc-fwalk@^1.0.5:
  version "1.0.5"
  resolved "https://registry.yarnpkg.com/kc-fwalk/-/kc-fwalk-1.0.5.tgz#6b9453e0a386b418f6d50a91b77696b6e81178a5"
  integrity sha512-bpw7Nc7pTOtU9hM+QhkyvCivSslDlfZRXVugWQhUnKBQ0vvUCA/IB7z1MZ+MSS+tgom5z510ZPDS96cWbn5j4Q==

marked@^4.0.10:
  version "4.0.10"
  resolved "https://registry.yarnpkg.com/marked/-/marked-4.0.10.tgz#423e295385cc0c3a70fa495e0df68b007b879423"
  integrity sha512-+QvuFj0nGgO970fySghXGmuw+Fd0gD2x3+MqCWLIPf5oxdv1Ka6b2q+z9RP01P/IaKPMEramy+7cNy/Lw8c3hw==
