# THIS IS AN AUTOGENERATED FILE. DO NOT EDIT THIS FILE DIRECTLY.
# yarn lockfile v1


kc-fwalk@^1.0.5:
  version "1.0.5"
  resolved "https://registry.yarnpkg.com/kc-fwalk/-/kc-fwalk-1.0.5.tgz#6b9453e0a386b418f6d50a91b77696b6e81178a5"
  integrity sha512-bpw7Nc7pTOtU9hM+QhkyvCivSslDlfZRXVugWQhUnKBQ0vvUCA/IB7z1MZ+MSS+tgom5z510ZPDS96cWbn5j4Q==

marked@^1.1.0:
  version "1.1.0"
  resolved "https://registry.yarnpkg.com/marked/-/marked-1.1.0.tgz#62504ad4d11550c942935ccc5e39d64e5a4c4e50"
  integrity sha512-EkE7RW6KcXfMHy2PA7Jg0YJE1l8UPEZE8k45tylzmZM30/r1M1MUXWQfJlrSbsTeh7m/XTwHbWUENvAJZpp1YA==
